
Microsoft Visual Studio Solution File, Format Version 12.00
# Visual Studio Version 17
VisualStudioVersion = 17.2.32505.173
MinimumVisualStudioVersion = 10.0.40219.1
Project("{6EC3EE1D-3C4E-46DD-8F32-0CC8E7565705}") = "Tests", "Tests\Tests.fsproj", "{3779B9C4-9C9A-4207-8189-6ADA8230CBD0}"
EndProject
Project("{6EC3EE1D-3C4E-46DD-8F32-0CC8E7565705}") = "poke", "Project\poke.fsproj", "{4C585D62-1FF7-451E-AD28-9CEE3EA46673}"
EndProject
Global
	GlobalSection(SolutionConfigurationPlatforms) = preSolution
		Debug|Any CPU = Debug|Any CPU
		Release|Any CPU = Release|Any CPU
	EndGlobalSection
	GlobalSection(ProjectConfigurationPlatforms) = postSolution
		{3779B9C4-9C9A-4207-8189-6ADA8230CBD0}.Debug|Any CPU.ActiveCfg = Debug|Any CPU
		{3779B9C4-9C9A-4207-8189-6ADA8230CBD0}.Debug|Any CPU.Build.0 = Debug|Any CPU
		{3779B9C4-9C9A-4207-8189-6ADA8230CBD0}.Release|Any CPU.ActiveCfg = Release|Any CPU
		{3779B9C4-9C9A-4207-8189-6ADA8230CBD0}.Release|Any CPU.Build.0 = Release|Any CPU
		{4C585D62-1FF7-451E-AD28-9CEE3EA46673}.Debug|Any CPU.ActiveCfg = Debug|Any CPU
		{4C585D62-1FF7-451E-AD28-9CEE3EA46673}.Debug|Any CPU.Build.0 = Debug|Any CPU
		{4C585D62-1FF7-451E-AD28-9CEE3EA46673}.Release|Any CPU.ActiveCfg = Release|Any CPU
		{4C585D62-1FF7-451E-AD28-9CEE3EA46673}.Release|Any CPU.Build.0 = Release|Any CPU
	EndGlobalSection
	GlobalSection(SolutionProperties) = preSolution
		HideSolutionNode = FALSE
	EndGlobalSection
	GlobalSection(ExtensibilityGlobals) = postSolution
		SolutionGuid = {7DCDC967-A707-46E8-9D0B-E338E7120872}
	EndGlobalSection
EndGlobal
